PODS:
  - BulletinBoard (1.3.0)
  - Charts (3.0.4):
    - Charts/Core (= 3.0.4)
  - Charts/Core (3.0.4)
  - FontAwesome.swift (1.3.1)
  - SwiftRichString (1.0.1)

DEPENDENCIES:
  - BulletinBoard (~> 1.3)
  - Charts (~> 3.0)
  - FontAwesome.swift
  - SwiftRichString (from `https://github.com/malcommac/SwiftRichString.git`, commit `5e8bd1f`)

EXTERNAL SOURCES:
  SwiftRichString:
    :commit: 5e8bd1f
    :git: https://github.com/malcommac/SwiftRichString.git

CHECKOUT OPTIONS:
  SwiftRichString:
    :commit: 5e8bd1f
    :git: https://github.com/malcommac/SwiftRichString.git

SPEC CHECKSUMS:
  BulletinBoard: 23c9d98cac654fd484d76f2a0655669974e9bd9c
  Charts: 0705898046257443f0afbbc3179f4b67507b6e48
  FontAwesome.swift: 050a75c6b94db0b082f39bde5b111c5c64d62a83
  SwiftRichString: a6a64470d8620c8b4f63a1b82c8523b6082e042a

PODFILE CHECKSUM: 160e94c15b2485ecf38a19efc8232e7e9eda2b47

COCOAPODS: 1.3.1
