// !$*UTF8*$!
{
	archiveVersion = 1;
	classes = {
	};
	objectVersion = 48;
	objects = {

/* Begin PBXBuildFile section */
		6511C9531F8FB4D3004DCCBF /* correct.mp3 in Resources */ = {isa = PBXBuildFile; fileRef = 6511C9521F8FB2AA004DCCBF /* correct.mp3 */; };
		651B662A1FAE2EC50006973A /* fontawesome-webfont.ttf in Resources */ = {isa = PBXBuildFile; fileRef = 652E558C1F88EF410062349B /* fontawesome-webfont.ttf */; };
		652E55871F87C4810062349B /* CommonWords.json in Resources */ = {isa = PBXBuildFile; fileRef = 654407FD1F87BEE800108C79 /* CommonWords.json */; };
		652E55891F87CBE90062349B /* MenuTableViewController.swift in Sources */ = {isa = PBXBuildFile; fileRef = 652E55881F87CBE90062349B /* MenuTableViewController.swift */; };
		652E558B1F87CF280062349B /* ListenViewController.swift in Sources */ = {isa = PBXBuildFile; fileRef = 652E558A1F87CF280062349B /* ListenViewController.swift */; };
		652E558E1F88F52A0062349B /* PathViewController.swift in Sources */ = {isa = PBXBuildFile; fileRef = 652E558D1F88F52A0062349B /* PathViewController.swift */; };
		652E55901F8921D90062349B /* KanaLetterCollectionViewCell.swift in Sources */ = {isa = PBXBuildFile; fileRef = 652E558F1F8921D90062349B /* KanaLetterCollectionViewCell.swift */; };
		652E55921F8945410062349B /* SpellViewController.swift in Sources */ = {isa = PBXBuildFile; fileRef = 652E55911F8945410062349B /* SpellViewController.swift */; };
		652E55991F8AA0740062349B /* Model.xcdatamodeld in Sources */ = {isa = PBXBuildFile; fileRef = 652E55971F8AA0740062349B /* Model.xcdatamodeld */; };
		652E559D1F8B81320062349B /* JapaneseWordData.swift in Sources */ = {isa = PBXBuildFile; fileRef = 652E559C1F8B81310062349B /* JapaneseWordData.swift */; };
		652E55A21F8D5ADA0062349B /* UIViewExtensions.swift in Sources */ = {isa = PBXBuildFile; fileRef = 652E55A11F8D5ADA0062349B /* UIViewExtensions.swift */; };
		654407E31F86873F00108C79 /* AppDelegate.swift in Sources */ = {isa = PBXBuildFile; fileRef = 654407E21F86873F00108C79 /* AppDelegate.swift */; };
		654407EA1F86873F00108C79 /* Main.storyboard in Resources */ = {isa = PBXBuildFile; fileRef = 654407E81F86873F00108C79 /* Main.storyboard */; };
		654407EC1F86873F00108C79 /* Assets.xcassets in Resources */ = {isa = PBXBuildFile; fileRef = 654407EB1F86873F00108C79 /* Assets.xcassets */; };
		654407EF1F86873F00108C79 /* LaunchScreen.storyboard in Resources */ = {isa = PBXBuildFile; fileRef = 654407ED1F86873F00108C79 /* LaunchScreen.storyboard */; };
		654407FF1F87BF7200108C79 /* JapaneseWord.swift in Sources */ = {isa = PBXBuildFile; fileRef = 654407FE1F87BF7200108C79 /* JapaneseWord.swift */; };
		658008A01FAF7A2900AA5A41 /* AwardTableViewCell.swift in Sources */ = {isa = PBXBuildFile; fileRef = 6580089F1FAF7A2900AA5A41 /* AwardTableViewCell.swift */; };
		658008A21FAF7B8C00AA5A41 /* AwardsTableViewController.swift in Sources */ = {isa = PBXBuildFile; fileRef = 658008A11FAF7B8C00AA5A41 /* AwardsTableViewController.swift */; };
		65A1511B1FAA240500BB328A /* DecksTableViewController.swift in Sources */ = {isa = PBXBuildFile; fileRef = 65A1511A1FAA240500BB328A /* DecksTableViewController.swift */; };
		65A9C6421FA8F86F00186637 /* JapaneseDeck.swift in Sources */ = {isa = PBXBuildFile; fileRef = 65A9C6411FA8F86F00186637 /* JapaneseDeck.swift */; };
		65A9C6461FA9120500186637 /* JLPT-N3.json in Resources */ = {isa = PBXBuildFile; fileRef = 65A9C6441FA9104C00186637 /* JLPT-N3.json */; };
		65A9C6471FA9120800186637 /* JLPT-N4.json in Resources */ = {isa = PBXBuildFile; fileRef = 65A9C6431FA9104C00186637 /* JLPT-N4.json */; };
		65A9C6481FA9120B00186637 /* JLPT-N5.json in Resources */ = {isa = PBXBuildFile; fileRef = 65A9C6451FA9104C00186637 /* JLPT-N5.json */; };
		65D2E9571FAF425600321C96 /* Award.swift in Sources */ = {isa = PBXBuildFile; fileRef = 65D2E9561FAF425600321C96 /* Award.swift */; };
		65EB1CE91FB074AD00D14C12 /* SpeechFramework.framework in Frameworks */ = {isa = PBXBuildFile; fileRef = 65EB1CE81FB074AD00D14C12 /* SpeechFramework.framework */; };
		65EB1CEA1FB074AD00D14C12 /* SpeechFramework.framework in Embed Frameworks */ = {isa = PBXBuildFile; fileRef = 65EB1CE81FB074AD00D14C12 /* SpeechFramework.framework */; settings = {ATTRIBUTES = (CodeSignOnCopy, RemoveHeadersOnCopy, ); }; };
		70394CECCAABD0D4CAD8523D /* Pods_SpellingBee.framework in Frameworks */ = {isa = PBXBuildFile; fileRef = B3FB837B81CF40DFF8510C7F /* Pods_SpellingBee.framework */; };
/* End PBXBuildFile section */

/* Begin PBXContainerItemProxy section */
		65EB1CE21FB072E100D14C12 /* PBXContainerItemProxy */ = {
			isa = PBXContainerItemProxy;
			containerPortal = 65EB1CDE1FB072E100D14C12 /* SpeechFramework.xcodeproj */;
			proxyType = 2;
			remoteGlobalIDString = 6517BAE41F505731001B1AEE;
			remoteInfo = SpeechFramework;
		};
/* End PBXContainerItemProxy section */

/* Begin PBXCopyFilesBuildPhase section */
		65EB1CEB1FB074AD00D14C12 /* Embed Frameworks */ = {
			isa = PBXCopyFilesBuildPhase;
			buildActionMask = 2147483647;
			dstPath = "";
			dstSubfolderSpec = 10;
			files = (
				65EB1CEA1FB074AD00D14C12 /* SpeechFramework.framework in Embed Frameworks */,
			);
			name = "Embed Frameworks";
			runOnlyForDeploymentPostprocessing = 0;
		};
/* End PBXCopyFilesBuildPhase section */

/* Begin PBXFileReference section */
		6511C9521F8FB2AA004DCCBF /* correct.mp3 */ = {isa = PBXFileReference; lastKnownFileType = audio.mp3; path = correct.mp3; sourceTree = "<group>"; };
		652E55881F87CBE90062349B /* MenuTableViewController.swift */ = {isa = PBXFileReference; lastKnownFileType = sourcecode.swift; path = MenuTableViewController.swift; sourceTree = "<group>"; };
		652E558A1F87CF280062349B /* ListenViewController.swift */ = {isa = PBXFileReference; lastKnownFileType = sourcecode.swift; path = ListenViewController.swift; sourceTree = "<group>"; };
		652E558C1F88EF410062349B /* fontawesome-webfont.ttf */ = {isa = PBXFileReference; lastKnownFileType = file; path = "fontawesome-webfont.ttf"; sourceTree = "<group>"; };
		652E558D1F88F52A0062349B /* PathViewController.swift */ = {isa = PBXFileReference; lastKnownFileType = sourcecode.swift; path = PathViewController.swift; sourceTree = "<group>"; };
		652E558F1F8921D90062349B /* KanaLetterCollectionViewCell.swift */ = {isa = PBXFileReference; lastKnownFileType = sourcecode.swift; path = KanaLetterCollectionViewCell.swift; sourceTree = "<group>"; };
		652E55911F8945410062349B /* SpellViewController.swift */ = {isa = PBXFileReference; lastKnownFileType = sourcecode.swift; path = SpellViewController.swift; sourceTree = "<group>"; };
		652E55981F8AA0740062349B /* Model.xcdatamodel */ = {isa = PBXFileReference; lastKnownFileType = wrapper.xcdatamodel; path = Model.xcdatamodel; sourceTree = "<group>"; };
		652E559C1F8B81310062349B /* JapaneseWordData.swift */ = {isa = PBXFileReference; lastKnownFileType = sourcecode.swift; path = JapaneseWordData.swift; sourceTree = "<group>"; };
		652E55A11F8D5ADA0062349B /* UIViewExtensions.swift */ = {isa = PBXFileReference; lastKnownFileType = sourcecode.swift; path = UIViewExtensions.swift; sourceTree = "<group>"; };
		654407DF1F86873F00108C79 /* SpellingBee.app */ = {isa = PBXFileReference; explicitFileType = wrapper.application; includeInIndex = 0; path = SpellingBee.app; sourceTree = BUILT_PRODUCTS_DIR; };
		654407E21F86873F00108C79 /* AppDelegate.swift */ = {isa = PBXFileReference; lastKnownFileType = sourcecode.swift; path = AppDelegate.swift; sourceTree = "<group>"; };
		654407E91F86873F00108C79 /* Base */ = {isa = PBXFileReference; lastKnownFileType = file.storyboard; name = Base; path = Base.lproj/Main.storyboard; sourceTree = "<group>"; };
		654407EB1F86873F00108C79 /* Assets.xcassets */ = {isa = PBXFileReference; lastKnownFileType = folder.assetcatalog; path = Assets.xcassets; sourceTree = "<group>"; };
		654407EE1F86873F00108C79 /* Base */ = {isa = PBXFileReference; lastKnownFileType = file.storyboard; name = Base; path = Base.lproj/LaunchScreen.storyboard; sourceTree = "<group>"; };
		654407F01F86873F00108C79 /* Info.plist */ = {isa = PBXFileReference; lastKnownFileType = text.plist.xml; path = Info.plist; sourceTree = "<group>"; };
		654407FD1F87BEE800108C79 /* CommonWords.json */ = {isa = PBXFileReference; fileEncoding = 4; lastKnownFileType = text.json; path = CommonWords.json; sourceTree = "<group>"; };
		654407FE1F87BF7200108C79 /* JapaneseWord.swift */ = {isa = PBXFileReference; lastKnownFileType = sourcecode.swift; path = JapaneseWord.swift; sourceTree = "<group>"; };
		6580089F1FAF7A2900AA5A41 /* AwardTableViewCell.swift */ = {isa = PBXFileReference; lastKnownFileType = sourcecode.swift; path = AwardTableViewCell.swift; sourceTree = "<group>"; };
		658008A11FAF7B8C00AA5A41 /* AwardsTableViewController.swift */ = {isa = PBXFileReference; lastKnownFileType = sourcecode.swift; path = AwardsTableViewController.swift; sourceTree = "<group>"; };
		65A1511A1FAA240500BB328A /* DecksTableViewController.swift */ = {isa = PBXFileReference; lastKnownFileType = sourcecode.swift; path = DecksTableViewController.swift; sourceTree = "<group>"; };
		65A9C6411FA8F86F00186637 /* JapaneseDeck.swift */ = {isa = PBXFileReference; lastKnownFileType = sourcecode.swift; path = JapaneseDeck.swift; sourceTree = "<group>"; };
		65A9C6431FA9104C00186637 /* JLPT-N4.json */ = {isa = PBXFileReference; lastKnownFileType = text.json; path = "JLPT-N4.json"; sourceTree = "<group>"; };
		65A9C6441FA9104C00186637 /* JLPT-N3.json */ = {isa = PBXFileReference; lastKnownFileType = text.json; path = "JLPT-N3.json"; sourceTree = "<group>"; };
		65A9C6451FA9104C00186637 /* JLPT-N5.json */ = {isa = PBXFileReference; lastKnownFileType = text.json; path = "JLPT-N5.json"; sourceTree = "<group>"; };
		65D2E9561FAF425600321C96 /* Award.swift */ = {isa = PBXFileReference; lastKnownFileType = sourcecode.swift; path = Award.swift; sourceTree = "<group>"; };
		65EB1CDE1FB072E100D14C12 /* SpeechFramework.xcodeproj */ = {isa = PBXFileReference; lastKnownFileType = "wrapper.pb-project"; name = SpeechFramework.xcodeproj; path = ../../../SpeechFramework/SpeechFramework.xcodeproj; sourceTree = "<group>"; };
		65EB1CE81FB074AD00D14C12 /* SpeechFramework.framework */ = {isa = PBXFileReference; lastKnownFileType = wrapper.framework; name = SpeechFramework.framework; path = "../../../Library/Developer/Xcode/DerivedData/SpellingBee-fxxxucwenlsojubptivuudyonbwa/Build/Products/Release-iphoneos/SpeechFramework.framework"; sourceTree = "<group>"; };
		B3FB837B81CF40DFF8510C7F /* Pods_SpellingBee.framework */ = {isa = PBXFileReference; explicitFileType = wrapper.framework; includeInIndex = 0; path = Pods_SpellingBee.framework; sourceTree = BUILT_PRODUCTS_DIR; };
		EA1C5C0FAF88B273EC2CFBBB /* Pods-SpellingBee.release.xcconfig */ = {isa = PBXFileReference; includeInIndex = 1; lastKnownFileType = text.xcconfig; name = "Pods-SpellingBee.release.xcconfig"; path = "Pods/Target Support Files/Pods-SpellingBee/Pods-SpellingBee.release.xcconfig"; sourceTree = "<group>"; };
		F743031DF4CF3DB7443138F6 /* Pods-SpellingBee.debug.xcconfig */ = {isa = PBXFileReference; includeInIndex = 1; lastKnownFileType = text.xcconfig; name = "Pods-SpellingBee.debug.xcconfig"; path = "Pods/Target Support Files/Pods-SpellingBee/Pods-SpellingBee.debug.xcconfig"; sourceTree = "<group>"; };
/* End PBXFileReference section */

/* Begin PBXFrameworksBuildPhase section */
		654407DC1F86873F00108C79 /* Frameworks */ = {
			isa = PBXFrameworksBuildPhase;
			buildActionMask = 2147483647;
			files = (
				70394CECCAABD0D4CAD8523D /* Pods_SpellingBee.framework in Frameworks */,
				65EB1CE91FB074AD00D14C12 /* SpeechFramework.framework in Frameworks */,
			);
			runOnlyForDeploymentPostprocessing = 0;
		};
/* End PBXFrameworksBuildPhase section */

/* Begin PBXGroup section */
		16EBB8E416D4DC3433681F13 /* Pods */ = {
			isa = PBXGroup;
			children = (
				F743031DF4CF3DB7443138F6 /* Pods-SpellingBee.debug.xcconfig */,
				EA1C5C0FAF88B273EC2CFBBB /* Pods-SpellingBee.release.xcconfig */,
			);
			name = Pods;
			sourceTree = "<group>";
		};
		652E55931F8A24B60062349B /* Resources */ = {
			isa = PBXGroup;
			children = (
				6511C9521F8FB2AA004DCCBF /* correct.mp3 */,
				652E558C1F88EF410062349B /* fontawesome-webfont.ttf */,
				65A9C6441FA9104C00186637 /* JLPT-N3.json */,
				65A9C6431FA9104C00186637 /* JLPT-N4.json */,
				65A9C6451FA9104C00186637 /* JLPT-N5.json */,
				654407FD1F87BEE800108C79 /* CommonWords.json */,
			);
			name = Resources;
			sourceTree = "<group>";
		};
		652E55941F8A24DC0062349B /* ViewControllers */ = {
			isa = PBXGroup;
			children = (
				652E55881F87CBE90062349B /* MenuTableViewController.swift */,
				652E558A1F87CF280062349B /* ListenViewController.swift */,
				652E558D1F88F52A0062349B /* PathViewController.swift */,
				652E558F1F8921D90062349B /* KanaLetterCollectionViewCell.swift */,
				652E55911F8945410062349B /* SpellViewController.swift */,
				65A1511A1FAA240500BB328A /* DecksTableViewController.swift */,
				6580089F1FAF7A2900AA5A41 /* AwardTableViewCell.swift */,
				658008A11FAF7B8C00AA5A41 /* AwardsTableViewController.swift */,
			);
			path = ViewControllers;
			sourceTree = "<group>";
		};
		654407D61F86873F00108C79 = {
			isa = PBXGroup;
			children = (
				65EB1CE81FB074AD00D14C12 /* SpeechFramework.framework */,
				654407E11F86873F00108C79 /* SpellingBee */,
				654407E01F86873F00108C79 /* Products */,
				654407F61F86879D00108C79 /* Frameworks */,
				16EBB8E416D4DC3433681F13 /* Pods */,
			);
			sourceTree = "<group>";
		};
		654407E01F86873F00108C79 /* Products */ = {
			isa = PBXGroup;
			children = (
				654407DF1F86873F00108C79 /* SpellingBee.app */,
			);
			name = Products;
			sourceTree = "<group>";
		};
		654407E11F86873F00108C79 /* SpellingBee */ = {
			isa = PBXGroup;
			children = (
				65EB1CDE1FB072E100D14C12 /* SpeechFramework.xcodeproj */,
				652E55931F8A24B60062349B /* Resources */,
				654407E21F86873F00108C79 /* AppDelegate.swift */,
				65A9C6411FA8F86F00186637 /* JapaneseDeck.swift */,
				65D2E9561FAF425600321C96 /* Award.swift */,
				654407FE1F87BF7200108C79 /* JapaneseWord.swift */,
				652E559C1F8B81310062349B /* JapaneseWordData.swift */,
				652E55A11F8D5ADA0062349B /* UIViewExtensions.swift */,
				652E55941F8A24DC0062349B /* ViewControllers */,
				654407EB1F86873F00108C79 /* Assets.xcassets */,
				654407ED1F86873F00108C79 /* LaunchScreen.storyboard */,
				654407E81F86873F00108C79 /* Main.storyboard */,
				654407F01F86873F00108C79 /* Info.plist */,
				652E55971F8AA0740062349B /* Model.xcdatamodeld */,
			);
			path = SpellingBee;
			sourceTree = "<group>";
		};
		654407F61F86879D00108C79 /* Frameworks */ = {
			isa = PBXGroup;
			children = (
				B3FB837B81CF40DFF8510C7F /* Pods_SpellingBee.framework */,
			);
			name = Frameworks;
			sourceTree = "<group>";
		};
		65EB1CDF1FB072E100D14C12 /* Products */ = {
			isa = PBXGroup;
			children = (
				65EB1CE31FB072E100D14C12 /* SpeechFramework.framework */,
			);
			name = Products;
			sourceTree = "<group>";
		};
/* End PBXGroup section */

/* Begin PBXNativeTarget section */
		654407DE1F86873F00108C79 /* SpellingBee */ = {
			isa = PBXNativeTarget;
			buildConfigurationList = 654407F31F86873F00108C79 /* Build configuration list for PBXNativeTarget "SpellingBee" */;
			buildPhases = (
				2F5294C16A80FD349CDFB532 /* [CP] Check Pods Manifest.lock */,
				654407DB1F86873F00108C79 /* Sources */,
				654407DC1F86873F00108C79 /* Frameworks */,
				654407DD1F86873F00108C79 /* Resources */,
				1992168F4A55F204A1B224F3 /* [CP] Embed Pods Frameworks */,
				3B9DA4CC222FD701DAA771E4 /* [CP] Copy Pods Resources */,
				65EB1CEB1FB074AD00D14C12 /* Embed Frameworks */,
			);
			buildRules = (
			);
			dependencies = (
			);
			name = SpellingBee;
			productName = SpellingBee;
			productReference = 654407DF1F86873F00108C79 /* SpellingBee.app */;
			productType = "com.apple.product-type.application";
		};
/* End PBXNativeTarget section */

/* Begin PBXProject section */
		654407D71F86873F00108C79 /* Project object */ = {
			isa = PBXProject;
			attributes = {
				LastSwiftUpdateCheck = 0900;
				LastUpgradeCheck = 0900;
				ORGANIZATIONNAME = "Daniel Oberg";
				TargetAttributes = {
					654407DE1F86873F00108C79 = {
						CreatedOnToolsVersion = 9.0;
						ProvisioningStyle = Automatic;
					};
				};
			};
			buildConfigurationList = 654407DA1F86873F00108C79 /* Build configuration list for PBXProject "SpellingBee" */;
			compatibilityVersion = "Xcode 8.0";
			developmentRegion = en;
			hasScannedForEncodings = 0;
			knownRegions = (
				en,
				Base,
			);
			mainGroup = 654407D61F86873F00108C79;
			productRefGroup = 654407E01F86873F00108C79 /* Products */;
			projectDirPath = "";
			projectReferences = (
				{
					ProductGroup = 65EB1CDF1FB072E100D14C12 /* Products */;
					ProjectRef = 65EB1CDE1FB072E100D14C12 /* SpeechFramework.xcodeproj */;
				},
			);
			projectRoot = "";
			targets = (
				654407DE1F86873F00108C79 /* SpellingBee */,
			);
		};
/* End PBXProject section */

/* Begin PBXReferenceProxy section */
		65EB1CE31FB072E100D14C12 /* SpeechFramework.framework */ = {
			isa = PBXReferenceProxy;
			fileType = wrapper.framework;
			path = SpeechFramework.framework;
			remoteRef = 65EB1CE21FB072E100D14C12 /* PBXContainerItemProxy */;
			sourceTree = BUILT_PRODUCTS_DIR;
		};
/* End PBXReferenceProxy section */

/* Begin PBXResourcesBuildPhase section */
		654407DD1F86873F00108C79 /* Resources */ = {
			isa = PBXResourcesBuildPhase;
			buildActionMask = 2147483647;
			files = (
				654407EF1F86873F00108C79 /* LaunchScreen.storyboard in Resources */,
				654407EC1F86873F00108C79 /* Assets.xcassets in Resources */,
				654407EA1F86873F00108C79 /* Main.storyboard in Resources */,
				651B662A1FAE2EC50006973A /* fontawesome-webfont.ttf in Resources */,
				652E55871F87C4810062349B /* CommonWords.json in Resources */,
				65A9C6461FA9120500186637 /* JLPT-N3.json in Resources */,
				65A9C6471FA9120800186637 /* JLPT-N4.json in Resources */,
				65A9C6481FA9120B00186637 /* JLPT-N5.json in Resources */,
				6511C9531F8FB4D3004DCCBF /* correct.mp3 in Resources */,
			);
			runOnlyForDeploymentPostprocessing = 0;
		};
/* End PBXResourcesBuildPhase section */

/* Begin PBXShellScriptBuildPhase section */
		1992168F4A55F204A1B224F3 /* [CP] Embed Pods Frameworks */ = {
			isa = PBXShellScriptBuildPhase;
			buildActionMask = 2147483647;
			files = (
			);
			inputPaths = (
				"${SRCROOT}/Pods/Target Support Files/Pods-SpellingBee/Pods-SpellingBee-frameworks.sh",
				"${BUILT_PRODUCTS_DIR}/Bolts/Bolts.framework",
				"${BUILT_PRODUCTS_DIR}/BulletinBoard/BulletinBoard.framework",
				"${BUILT_PRODUCTS_DIR}/Charts/Charts.framework",
				"${BUILT_PRODUCTS_DIR}/FBSDKCoreKit/FBSDKCoreKit.framework",
				"${BUILT_PRODUCTS_DIR}/FacebookCore/FacebookCore.framework",
				"${BUILT_PRODUCTS_DIR}/FontAwesome.swift/FontAwesome_swift.framework",
				"${BUILT_PRODUCTS_DIR}/IBAnimatable/IBAnimatable.framework",
				"${BUILT_PRODUCTS_DIR}/SwiftRichString/SwiftRichString.framework",
			);
			name = "[CP] Embed Pods Frameworks";
			outputPaths = (
				"${TARGET_BUILD_DIR}/${FRAMEWORKS_FOLDER_PATH}/Bolts.framework",
				"${TARGET_BUILD_DIR}/${FRAMEWORKS_FOLDER_PATH}/BulletinBoard.framework",
				"${TARGET_BUILD_DIR}/${FRAMEWORKS_FOLDER_PATH}/Charts.framework",
				"${TARGET_BUILD_DIR}/${FRAMEWORKS_FOLDER_PATH}/FBSDKCoreKit.framework",
				"${TARGET_BUILD_DIR}/${FRAMEWORKS_FOLDER_PATH}/FacebookCore.framework",
				"${TARGET_BUILD_DIR}/${FRAMEWORKS_FOLDER_PATH}/FontAwesome_swift.framework",
				"${TARGET_BUILD_DIR}/${FRAMEWORKS_FOLDER_PATH}/IBAnimatable.framework",
				"${TARGET_BUILD_DIR}/${FRAMEWORKS_FOLDER_PATH}/SwiftRichString.framework",
			);
			runOnlyForDeploymentPostprocessing = 0;
			shellPath = /bin/sh;
			shellScript = "\"${SRCROOT}/Pods/Target Support Files/Pods-SpellingBee/Pods-SpellingBee-frameworks.sh\"\n";
			showEnvVarsInLog = 0;
		};
		2F5294C16A80FD349CDFB532 /* [CP] Check Pods Manifest.lock */ = {
			isa = PBXShellScriptBuildPhase;
			buildActionMask = 2147483647;
			files = (
			);
			inputPaths = (
				"${PODS_PODFILE_DIR_PATH}/Podfile.lock",
				"${PODS_ROOT}/Manifest.lock",
			);
			name = "[CP] Check Pods Manifest.lock";
			outputPaths = (
				"$(DERIVED_FILE_DIR)/Pods-SpellingBee-checkManifestLockResult.txt",
			);
			runOnlyForDeploymentPostprocessing = 0;
			shellPath = /bin/sh;
			shellScript = "diff \"${PODS_PODFILE_DIR_PATH}/Podfile.lock\" \"${PODS_ROOT}/Manifest.lock\" > /dev/null\nif [ $? != 0 ] ; then\n    # print error to STDERR\n    echo \"error: The sandbox is not in sync with the Podfile.lock. Run 'pod install' or update your CocoaPods installation.\" >&2\n    exit 1\nfi\n# This output is used by Xcode 'outputs' to avoid re-running this script phase.\necho \"SUCCESS\" > \"${SCRIPT_OUTPUT_FILE_0}\"\n";
			showEnvVarsInLog = 0;
		};
		3B9DA4CC222FD701DAA771E4 /* [CP] Copy Pods Resources */ = {
			isa = PBXShellScriptBuildPhase;
			buildActionMask = 2147483647;
			files = (
			);
			inputPaths = (
			);
			name = "[CP] Copy Pods Resources";
			outputPaths = (
			);
			runOnlyForDeploymentPostprocessing = 0;
			shellPath = /bin/sh;
			shellScript = "\"${SRCROOT}/Pods/Target Support Files/Pods-SpellingBee/Pods-SpellingBee-resources.sh\"\n";
			showEnvVarsInLog = 0;
		};
/* End PBXShellScriptBuildPhase section */

/* Begin PBXSourcesBuildPhase section */
		654407DB1F86873F00108C79 /* Sources */ = {
			isa = PBXSourcesBuildPhase;
			buildActionMask = 2147483647;
			files = (
				654407FF1F87BF7200108C79 /* JapaneseWord.swift in Sources */,
				652E55891F87CBE90062349B /* MenuTableViewController.swift in Sources */,
				652E559D1F8B81320062349B /* JapaneseWordData.swift in Sources */,
				652E55921F8945410062349B /* SpellViewController.swift in Sources */,
				654407E31F86873F00108C79 /* AppDelegate.swift in Sources */,
				652E55901F8921D90062349B /* KanaLetterCollectionViewCell.swift in Sources */,
				652E558B1F87CF280062349B /* ListenViewController.swift in Sources */,
				65D2E9571FAF425600321C96 /* Award.swift in Sources */,
				65A1511B1FAA240500BB328A /* DecksTableViewController.swift in Sources */,
				658008A01FAF7A2900AA5A41 /* AwardTableViewCell.swift in Sources */,
				652E55991F8AA0740062349B /* Model.xcdatamodeld in Sources */,
				65A9C6421FA8F86F00186637 /* JapaneseDeck.swift in Sources */,
				652E55A21F8D5ADA0062349B /* UIViewExtensions.swift in Sources */,
				658008A21FAF7B8C00AA5A41 /* AwardsTableViewController.swift in Sources */,
				652E558E1F88F52A0062349B /* PathViewController.swift in Sources */,
			);
			runOnlyForDeploymentPostprocessing = 0;
		};
/* End PBXSourcesBuildPhase section */

/* Begin PBXVariantGroup section */
		654407E81F86873F00108C79 /* Main.storyboard */ = {
			isa = PBXVariantGroup;
			children = (
				654407E91F86873F00108C79 /* Base */,
			);
			name = Main.storyboard;
			sourceTree = "<group>";
		};
		654407ED1F86873F00108C79 /* LaunchScreen.storyboard */ = {
			isa = PBXVariantGroup;
			children = (
				654407EE1F86873F00108C79 /* Base */,
			);
			name = LaunchScreen.storyboard;
			sourceTree = "<group>";
		};
/* End PBXVariantGroup section */

/* Begin XCBuildConfiguration section */
		654407F11F86873F00108C79 /* Debug */ = {
			isa = XCBuildConfiguration;
			buildSettings = {
				ALWAYS_SEARCH_USER_PATHS = NO;
				CLANG_ANALYZER_NONNULL = YES;
				CLANG_ANALYZER_NUMBER_OBJECT_CONVERSION = YES_AGGRESSIVE;
				CLANG_CXX_LANGUAGE_STANDARD = "gnu++14";
				CLANG_CXX_LIBRARY = "libc++";
				CLANG_ENABLE_MODULES = YES;
				CLANG_ENABLE_OBJC_ARC = YES;
				CLANG_WARN_BLOCK_CAPTURE_AUTORELEASING = YES;
				CLANG_WARN_BOOL_CONVERSION = YES;
				CLANG_WARN_COMMA = YES;
				CLANG_WARN_CONSTANT_CONVERSION = YES;
				CLANG_WARN_DIRECT_OBJC_ISA_USAGE = YES_ERROR;
				CLANG_WARN_DOCUMENTATION_COMMENTS = YES;
				CLANG_WARN_EMPTY_BODY = YES;
				CLANG_WARN_ENUM_CONVERSION = YES;
				CLANG_WARN_INFINITE_RECURSION = YES;
				CLANG_WARN_INT_CONVERSION = YES;
				CLANG_WARN_NON_LITERAL_NULL_CONVERSION = YES;
				CLANG_WARN_OBJC_LITERAL_CONVERSION = YES;
				CLANG_WARN_OBJC_ROOT_CLASS = YES_ERROR;
				CLANG_WARN_RANGE_LOOP_ANALYSIS = YES;
				CLANG_WARN_STRICT_PROTOTYPES = YES;
				CLANG_WARN_SUSPICIOUS_MOVE = YES;
				CLANG_WARN_UNGUARDED_AVAILABILITY = YES_AGGRESSIVE;
				CLANG_WARN_UNREACHABLE_CODE = YES;
				CLANG_WARN__DUPLICATE_METHOD_MATCH = YES;
				CODE_SIGN_IDENTITY = "iPhone Developer";
				COPY_PHASE_STRIP = NO;
				DEBUG_INFORMATION_FORMAT = dwarf;
				ENABLE_STRICT_OBJC_MSGSEND = YES;
				ENABLE_TESTABILITY = YES;
				GCC_C_LANGUAGE_STANDARD = gnu11;
				GCC_DYNAMIC_NO_PIC = NO;
				GCC_NO_COMMON_BLOCKS = YES;
				GCC_OPTIMIZATION_LEVEL = 0;
				GCC_PREPROCESSOR_DEFINITIONS = (
					"DEBUG=1",
					"$(inherited)",
				);
				GCC_WARN_64_TO_32_BIT_CONVERSION = YES;
				GCC_WARN_ABOUT_RETURN_TYPE = YES_ERROR;
				GCC_WARN_UNDECLARED_SELECTOR = YES;
				GCC_WARN_UNINITIALIZED_AUTOS = YES_AGGRESSIVE;
				GCC_WARN_UNUSED_FUNCTION = YES;
				GCC_WARN_UNUSED_VARIABLE = YES;
				IPHONEOS_DEPLOYMENT_TARGET = 11.0;
				MTL_ENABLE_DEBUG_INFO = YES;
				ONLY_ACTIVE_ARCH = YES;
				SDKROOT = iphoneos;
				SWIFT_ACTIVE_COMPILATION_CONDITIONS = DEBUG;
				SWIFT_OPTIMIZATION_LEVEL = "-Onone";
			};
			name = Debug;
		};
		654407F21F86873F00108C79 /* Release */ = {
			isa = XCBuildConfiguration;
			buildSettings = {
				ALWAYS_SEARCH_USER_PATHS = NO;
				CLANG_ANALYZER_NONNULL = YES;
				CLANG_ANALYZER_NUMBER_OBJECT_CONVERSION = YES_AGGRESSIVE;
				CLANG_CXX_LANGUAGE_STANDARD = "gnu++14";
				CLANG_CXX_LIBRARY = "libc++";
				CLANG_ENABLE_MODULES = YES;
				CLANG_ENABLE_OBJC_ARC = YES;
				CLANG_WARN_BLOCK_CAPTURE_AUTORELEASING = YES;
				CLANG_WARN_BOOL_CONVERSION = YES;
				CLANG_WARN_COMMA = YES;
				CLANG_WARN_CONSTANT_CONVERSION = YES;
				CLANG_WARN_DIRECT_OBJC_ISA_USAGE = YES_ERROR;
				CLANG_WARN_DOCUMENTATION_COMMENTS = YES;
				CLANG_WARN_EMPTY_BODY = YES;
				CLANG_WARN_ENUM_CONVERSION = YES;
				CLANG_WARN_INFINITE_RECURSION = YES;
				CLANG_WARN_INT_CONVERSION = YES;
				CLANG_WARN_NON_LITERAL_NULL_CONVERSION = YES;
				CLANG_WARN_OBJC_LITERAL_CONVERSION = YES;
				CLANG_WARN_OBJC_ROOT_CLASS = YES_ERROR;
				CLANG_WARN_RANGE_LOOP_ANALYSIS = YES;
				CLANG_WARN_STRICT_PROTOTYPES = YES;
				CLANG_WARN_SUSPICIOUS_MOVE = YES;
				CLANG_WARN_UNGUARDED_AVAILABILITY = YES_AGGRESSIVE;
				CLANG_WARN_UNREACHABLE_CODE = YES;
				CLANG_WARN__DUPLICATE_METHOD_MATCH = YES;
				CODE_SIGN_IDENTITY = "iPhone Developer";
				COPY_PHASE_STRIP = NO;
				DEBUG_INFORMATION_FORMAT = "dwarf-with-dsym";
				ENABLE_NS_ASSERTIONS = NO;
				ENABLE_STRICT_OBJC_MSGSEND = YES;
				GCC_C_LANGUAGE_STANDARD = gnu11;
				GCC_NO_COMMON_BLOCKS = YES;
				GCC_WARN_64_TO_32_BIT_CONVERSION = YES;
				GCC_WARN_ABOUT_RETURN_TYPE = YES_ERROR;
				GCC_WARN_UNDECLARED_SELECTOR = YES;
				GCC_WARN_UNINITIALIZED_AUTOS = YES_AGGRESSIVE;
				GCC_WARN_UNUSED_FUNCTION = YES;
				GCC_WARN_UNUSED_VARIABLE = YES;
				IPHONEOS_DEPLOYMENT_TARGET = 11.0;
				MTL_ENABLE_DEBUG_INFO = NO;
				SDKROOT = iphoneos;
				SWIFT_OPTIMIZATION_LEVEL = "-Owholemodule";
				VALIDATE_PRODUCT = YES;
			};
			name = Release;
		};
		654407F41F86873F00108C79 /* Debug */ = {
			isa = XCBuildConfiguration;
			baseConfigurationReference = F743031DF4CF3DB7443138F6 /* Pods-SpellingBee.debug.xcconfig */;
			buildSettings = {
				ASSETCATALOG_COMPILER_APPICON_NAME = AppIcon;
				CODE_SIGN_STYLE = Automatic;
				DEVELOPMENT_TEAM = DWXWLRAPJ7;
				FRAMEWORK_SEARCH_PATHS = (
					"$(inherited)",
					"$(LOCAL_LIBRARY_DIR)/Frameworks",
					"$(PROJECT_DIR)",
				);
				INFOPLIST_FILE = SpellingBee/Info.plist;
				IPHONEOS_DEPLOYMENT_TARGET = 11.0;
				LD_RUNPATH_SEARCH_PATHS = "$(inherited) @executable_path/Frameworks";
				OTHER_LDFLAGS = (
					"$(inherited)",
					"-framework",
					"\"BulletinBoard\"",
					"-framework",
					"\"Charts\"",
					"-framework",
					"\"FontAwesome_swift\"",
					"-framework",
					"\"SwiftRichString\"",
					"-framework",
					"\"SpeechFramework\"",
				);
				PRODUCT_BUNDLE_IDENTIFIER = com.unitedlambdas.SpellingBee;
				PRODUCT_NAME = "$(TARGET_NAME)";
				SWIFT_VERSION = 4.0;
				TARGETED_DEVICE_FAMILY = 1;
			};
			name = Debug;
		};
		654407F51F86873F00108C79 /* Release */ = {
			isa = XCBuildConfiguration;
			baseConfigurationReference = EA1C5C0FAF88B273EC2CFBBB /* Pods-SpellingBee.release.xcconfig */;
			buildSettings = {
				ASSETCATALOG_COMPILER_APPICON_NAME = AppIcon;
				CODE_SIGN_STYLE = Automatic;
				DEVELOPMENT_TEAM = DWXWLRAPJ7;
				FRAMEWORK_SEARCH_PATHS = (
					"$(inherited)",
					"$(LOCAL_LIBRARY_DIR)/Frameworks",
					"$(PROJECT_DIR)",
				);
				INFOPLIST_FILE = SpellingBee/Info.plist;
				IPHONEOS_DEPLOYMENT_TARGET = 11.0;
				LD_RUNPATH_SEARCH_PATHS = "$(inherited) @executable_path/Frameworks";
				OTHER_LDFLAGS = (
					"$(inherited)",
					"-framework",
					"\"BulletinBoard\"",
					"-framework",
					"\"Charts\"",
					"-framework",
					"\"FontAwesome_swift\"",
					"-framework",
					"\"SwiftRichString\"",
					"-framework",
					"\"SpeechFramework\"",
				);
				PRODUCT_BUNDLE_IDENTIFIER = com.unitedlambdas.SpellingBee;
				PRODUCT_NAME = "$(TARGET_NAME)";
				SWIFT_VERSION = 4.0;
				TARGETED_DEVICE_FAMILY = 1;
			};
			name = Release;
		};
/* End XCBuildConfiguration section */

/* Begin XCConfigurationList section */
		654407DA1F86873F00108C79 /* Build configuration list for PBXProject "SpellingBee" */ = {
			isa = XCConfigurationList;
			buildConfigurations = (
				654407F11F86873F00108C79 /* Debug */,
				654407F21F86873F00108C79 /* Release */,
			);
			defaultConfigurationIsVisible = 0;
			defaultConfigurationName = Release;
		};
		654407F31F86873F00108C79 /* Build configuration list for PBXNativeTarget "SpellingBee" */ = {
			isa = XCConfigurationList;
			buildConfigurations = (
				654407F41F86873F00108C79 /* Debug */,
				654407F51F86873F00108C79 /* Release */,
			);
			defaultConfigurationIsVisible = 0;
			defaultConfigurationName = Release;
		};
/* End XCConfigurationList section */

/* Begin XCVersionGroup section */
		652E55971F8AA0740062349B /* Model.xcdatamodeld */ = {
			isa = XCVersionGroup;
			children = (
				652E55981F8AA0740062349B /* Model.xcdatamodel */,
			);
			currentVersion = 652E55981F8AA0740062349B /* Model.xcdatamodel */;
			path = Model.xcdatamodeld;
			sourceTree = "<group>";
			versionGroupType = wrapper.xcdatamodel;
		};
/* End XCVersionGroup section */
	};
	rootObject = 654407D71F86873F00108C79 /* Project object */;
}
