// !$*UTF8*$!
{
	archiveVersion = 1;
	classes = {
	};
	objectVersion = 48;
	objects = {

/* Begin PBXBuildFile section */
		652E55871F87C4810062349B /* JapaneseWords.json in Resources */ = {isa = PBXBuildFile; fileRef = 654407FD1F87BEE800108C79 /* JapaneseWords.json */; };
		652E55891F87CBE90062349B /* MenuTableViewController.swift in Sources */ = {isa = PBXBuildFile; fileRef = 652E55881F87CBE90062349B /* MenuTableViewController.swift */; };
		652E558B1F87CF280062349B /* ListenViewController.swift in Sources */ = {isa = PBXBuildFile; fileRef = 652E558A1F87CF280062349B /* ListenViewController.swift */; };
		652E558E1F88F52A0062349B /* PathViewController.swift in Sources */ = {isa = PBXBuildFile; fileRef = 652E558D1F88F52A0062349B /* PathViewController.swift */; };
		652E55901F8921D90062349B /* KanaLetterCollectionViewCell.swift in Sources */ = {isa = PBXBuildFile; fileRef = 652E558F1F8921D90062349B /* KanaLetterCollectionViewCell.swift */; };
		652E55921F8945410062349B /* SpellViewController.swift in Sources */ = {isa = PBXBuildFile; fileRef = 652E55911F8945410062349B /* SpellViewController.swift */; };
		652E55961F8A933A0062349B /* SuccessListenViewController.swift in Sources */ = {isa = PBXBuildFile; fileRef = 652E55951F8A93390062349B /* SuccessListenViewController.swift */; };
		654407E31F86873F00108C79 /* AppDelegate.swift in Sources */ = {isa = PBXBuildFile; fileRef = 654407E21F86873F00108C79 /* AppDelegate.swift */; };
		654407E51F86873F00108C79 /* MasterViewController.swift in Sources */ = {isa = PBXBuildFile; fileRef = 654407E41F86873F00108C79 /* MasterViewController.swift */; };
		654407EA1F86873F00108C79 /* Main.storyboard in Resources */ = {isa = PBXBuildFile; fileRef = 654407E81F86873F00108C79 /* Main.storyboard */; };
		654407EC1F86873F00108C79 /* Assets.xcassets in Resources */ = {isa = PBXBuildFile; fileRef = 654407EB1F86873F00108C79 /* Assets.xcassets */; };
		654407EF1F86873F00108C79 /* LaunchScreen.storyboard in Resources */ = {isa = PBXBuildFile; fileRef = 654407ED1F86873F00108C79 /* LaunchScreen.storyboard */; };
		654407F81F86879D00108C79 /* SpeechFramework.framework in Frameworks */ = {isa = PBXBuildFile; fileRef = 654407F71F86879D00108C79 /* SpeechFramework.framework */; };
		654407F91F8687A800108C79 /* SpeechFramework.framework in Resources */ = {isa = PBXBuildFile; fileRef = 654407F71F86879D00108C79 /* SpeechFramework.framework */; };
		654407FB1F8689FA00108C79 /* SpeechFramework.framework in Embed Frameworks */ = {isa = PBXBuildFile; fileRef = 654407F71F86879D00108C79 /* SpeechFramework.framework */; settings = {ATTRIBUTES = (CodeSignOnCopy, RemoveHeadersOnCopy, ); }; };
		654407FF1F87BF7200108C79 /* JapaneseWord.swift in Sources */ = {isa = PBXBuildFile; fileRef = 654407FE1F87BF7200108C79 /* JapaneseWord.swift */; };
/* End PBXBuildFile section */

/* Begin PBXCopyFilesBuildPhase section */
		654407FC1F8689FA00108C79 /* Embed Frameworks */ = {
			isa = PBXCopyFilesBuildPhase;
			buildActionMask = 2147483647;
			dstPath = "";
			dstSubfolderSpec = 10;
			files = (
				654407FB1F8689FA00108C79 /* SpeechFramework.framework in Embed Frameworks */,
			);
			name = "Embed Frameworks";
			runOnlyForDeploymentPostprocessing = 0;
		};
/* End PBXCopyFilesBuildPhase section */

/* Begin PBXFileReference section */
		652E55881F87CBE90062349B /* MenuTableViewController.swift */ = {isa = PBXFileReference; lastKnownFileType = sourcecode.swift; path = MenuTableViewController.swift; sourceTree = "<group>"; };
		652E558A1F87CF280062349B /* ListenViewController.swift */ = {isa = PBXFileReference; lastKnownFileType = sourcecode.swift; path = ListenViewController.swift; sourceTree = "<group>"; };
		652E558C1F88EF410062349B /* fontawesome-webfont.ttf */ = {isa = PBXFileReference; lastKnownFileType = file; path = "fontawesome-webfont.ttf"; sourceTree = "<group>"; };
		652E558D1F88F52A0062349B /* PathViewController.swift */ = {isa = PBXFileReference; lastKnownFileType = sourcecode.swift; path = PathViewController.swift; sourceTree = "<group>"; };
		652E558F1F8921D90062349B /* KanaLetterCollectionViewCell.swift */ = {isa = PBXFileReference; lastKnownFileType = sourcecode.swift; path = KanaLetterCollectionViewCell.swift; sourceTree = "<group>"; };
		652E55911F8945410062349B /* SpellViewController.swift */ = {isa = PBXFileReference; lastKnownFileType = sourcecode.swift; path = SpellViewController.swift; sourceTree = "<group>"; };
		652E55951F8A93390062349B /* SuccessListenViewController.swift */ = {isa = PBXFileReference; lastKnownFileType = sourcecode.swift; path = SuccessListenViewController.swift; sourceTree = "<group>"; };
		654407DF1F86873F00108C79 /* SpellingBee.app */ = {isa = PBXFileReference; explicitFileType = wrapper.application; includeInIndex = 0; path = SpellingBee.app; sourceTree = BUILT_PRODUCTS_DIR; };
		654407E21F86873F00108C79 /* AppDelegate.swift */ = {isa = PBXFileReference; lastKnownFileType = sourcecode.swift; path = AppDelegate.swift; sourceTree = "<group>"; };
		654407E41F86873F00108C79 /* MasterViewController.swift */ = {isa = PBXFileReference; lastKnownFileType = sourcecode.swift; path = MasterViewController.swift; sourceTree = "<group>"; };
		654407E91F86873F00108C79 /* Base */ = {isa = PBXFileReference; lastKnownFileType = file.storyboard; name = Base; path = Base.lproj/Main.storyboard; sourceTree = "<group>"; };
		654407EB1F86873F00108C79 /* Assets.xcassets */ = {isa = PBXFileReference; lastKnownFileType = folder.assetcatalog; path = Assets.xcassets; sourceTree = "<group>"; };
		654407EE1F86873F00108C79 /* Base */ = {isa = PBXFileReference; lastKnownFileType = file.storyboard; name = Base; path = Base.lproj/LaunchScreen.storyboard; sourceTree = "<group>"; };
		654407F01F86873F00108C79 /* Info.plist */ = {isa = PBXFileReference; lastKnownFileType = text.plist.xml; path = Info.plist; sourceTree = "<group>"; };
		654407F71F86879D00108C79 /* SpeechFramework.framework */ = {isa = PBXFileReference; lastKnownFileType = wrapper.framework; name = SpeechFramework.framework; path = ../../../../../Library/Frameworks/SpeechFramework.framework; sourceTree = "<group>"; };
		654407FD1F87BEE800108C79 /* JapaneseWords.json */ = {isa = PBXFileReference; fileEncoding = 4; lastKnownFileType = text.json; path = JapaneseWords.json; sourceTree = "<group>"; };
		654407FE1F87BF7200108C79 /* JapaneseWord.swift */ = {isa = PBXFileReference; lastKnownFileType = sourcecode.swift; path = JapaneseWord.swift; sourceTree = "<group>"; };
/* End PBXFileReference section */

/* Begin PBXFrameworksBuildPhase section */
		654407DC1F86873F00108C79 /* Frameworks */ = {
			isa = PBXFrameworksBuildPhase;
			buildActionMask = 2147483647;
			files = (
				654407F81F86879D00108C79 /* SpeechFramework.framework in Frameworks */,
			);
			runOnlyForDeploymentPostprocessing = 0;
		};
/* End PBXFrameworksBuildPhase section */

/* Begin PBXGroup section */
		652E55931F8A24B60062349B /* Resources */ = {
			isa = PBXGroup;
			children = (
				652E558C1F88EF410062349B /* fontawesome-webfont.ttf */,
				654407FD1F87BEE800108C79 /* JapaneseWords.json */,
			);
			name = Resources;
			sourceTree = "<group>";
		};
		652E55941F8A24DC0062349B /* ViewControllers */ = {
			isa = PBXGroup;
			children = (
				654407E41F86873F00108C79 /* MasterViewController.swift */,
				652E558D1F88F52A0062349B /* PathViewController.swift */,
				652E558F1F8921D90062349B /* KanaLetterCollectionViewCell.swift */,
				652E55911F8945410062349B /* SpellViewController.swift */,
				652E55881F87CBE90062349B /* MenuTableViewController.swift */,
				652E558A1F87CF280062349B /* ListenViewController.swift */,
				652E55951F8A93390062349B /* SuccessListenViewController.swift */,
			);
			path = ViewControllers;
			sourceTree = "<group>";
		};
		654407D61F86873F00108C79 = {
			isa = PBXGroup;
			children = (
				654407E11F86873F00108C79 /* SpellingBee */,
				654407E01F86873F00108C79 /* Products */,
				654407F61F86879D00108C79 /* Frameworks */,
			);
			sourceTree = "<group>";
		};
		654407E01F86873F00108C79 /* Products */ = {
			isa = PBXGroup;
			children = (
				654407DF1F86873F00108C79 /* SpellingBee.app */,
			);
			name = Products;
			sourceTree = "<group>";
		};
		654407E11F86873F00108C79 /* SpellingBee */ = {
			isa = PBXGroup;
			children = (
				652E55931F8A24B60062349B /* Resources */,
				654407E21F86873F00108C79 /* AppDelegate.swift */,
				654407FE1F87BF7200108C79 /* JapaneseWord.swift */,
				652E55941F8A24DC0062349B /* ViewControllers */,
				654407EB1F86873F00108C79 /* Assets.xcassets */,
				654407ED1F86873F00108C79 /* LaunchScreen.storyboard */,
				654407E81F86873F00108C79 /* Main.storyboard */,
				654407F01F86873F00108C79 /* Info.plist */,
			);
			path = SpellingBee;
			sourceTree = "<group>";
		};
		654407F61F86879D00108C79 /* Frameworks */ = {
			isa = PBXGroup;
			children = (
				654407F71F86879D00108C79 /* SpeechFramework.framework */,
			);
			name = Frameworks;
			sourceTree = "<group>";
		};
/* End PBXGroup section */

/* Begin PBXNativeTarget section */
		654407DE1F86873F00108C79 /* SpellingBee */ = {
			isa = PBXNativeTarget;
			buildConfigurationList = 654407F31F86873F00108C79 /* Build configuration list for PBXNativeTarget "SpellingBee" */;
			buildPhases = (
				654407DB1F86873F00108C79 /* Sources */,
				654407DC1F86873F00108C79 /* Frameworks */,
				654407DD1F86873F00108C79 /* Resources */,
				654407FC1F8689FA00108C79 /* Embed Frameworks */,
			);
			buildRules = (
			);
			dependencies = (
			);
			name = SpellingBee;
			productName = SpellingBee;
			productReference = 654407DF1F86873F00108C79 /* SpellingBee.app */;
			productType = "com.apple.product-type.application";
		};
/* End PBXNativeTarget section */

/* Begin PBXProject section */
		654407D71F86873F00108C79 /* Project object */ = {
			isa = PBXProject;
			attributes = {
				LastSwiftUpdateCheck = 0900;
				LastUpgradeCheck = 0900;
				ORGANIZATIONNAME = "Daniel Oberg";
				TargetAttributes = {
					654407DE1F86873F00108C79 = {
						CreatedOnToolsVersion = 9.0;
						ProvisioningStyle = Automatic;
					};
				};
			};
			buildConfigurationList = 654407DA1F86873F00108C79 /* Build configuration list for PBXProject "SpellingBee" */;
			compatibilityVersion = "Xcode 8.0";
			developmentRegion = en;
			hasScannedForEncodings = 0;
			knownRegions = (
				en,
				Base,
			);
			mainGroup = 654407D61F86873F00108C79;
			productRefGroup = 654407E01F86873F00108C79 /* Products */;
			projectDirPath = "";
			projectRoot = "";
			targets = (
				654407DE1F86873F00108C79 /* SpellingBee */,
			);
		};
/* End PBXProject section */

/* Begin PBXResourcesBuildPhase section */
		654407DD1F86873F00108C79 /* Resources */ = {
			isa = PBXResourcesBuildPhase;
			buildActionMask = 2147483647;
			files = (
				654407F91F8687A800108C79 /* SpeechFramework.framework in Resources */,
				654407EF1F86873F00108C79 /* LaunchScreen.storyboard in Resources */,
				654407EC1F86873F00108C79 /* Assets.xcassets in Resources */,
				654407EA1F86873F00108C79 /* Main.storyboard in Resources */,
				652E55871F87C4810062349B /* JapaneseWords.json in Resources */,
			);
			runOnlyForDeploymentPostprocessing = 0;
		};
/* End PBXResourcesBuildPhase section */

/* Begin PBXSourcesBuildPhase section */
		654407DB1F86873F00108C79 /* Sources */ = {
			isa = PBXSourcesBuildPhase;
			buildActionMask = 2147483647;
			files = (
				654407FF1F87BF7200108C79 /* JapaneseWord.swift in Sources */,
				652E55891F87CBE90062349B /* MenuTableViewController.swift in Sources */,
				654407E51F86873F00108C79 /* MasterViewController.swift in Sources */,
				652E55921F8945410062349B /* SpellViewController.swift in Sources */,
				654407E31F86873F00108C79 /* AppDelegate.swift in Sources */,
				652E55901F8921D90062349B /* KanaLetterCollectionViewCell.swift in Sources */,
				652E558B1F87CF280062349B /* ListenViewController.swift in Sources */,
				652E55961F8A933A0062349B /* SuccessListenViewController.swift in Sources */,
				652E558E1F88F52A0062349B /* PathViewController.swift in Sources */,
			);
			runOnlyForDeploymentPostprocessing = 0;
		};
/* End PBXSourcesBuildPhase section */

/* Begin PBXVariantGroup section */
		654407E81F86873F00108C79 /* Main.storyboard */ = {
			isa = PBXVariantGroup;
			children = (
				654407E91F86873F00108C79 /* Base */,
			);
			name = Main.storyboard;
			sourceTree = "<group>";
		};
		654407ED1F86873F00108C79 /* LaunchScreen.storyboard */ = {
			isa = PBXVariantGroup;
			children = (
				654407EE1F86873F00108C79 /* Base */,
			);
			name = LaunchScreen.storyboard;
			sourceTree = "<group>";
		};
/* End PBXVariantGroup section */

/* Begin XCBuildConfiguration section */
		654407F11F86873F00108C79 /* Debug */ = {
			isa = XCBuildConfiguration;
			buildSettings = {
				ALWAYS_SEARCH_USER_PATHS = NO;
				CLANG_ANALYZER_NONNULL = YES;
				CLANG_ANALYZER_NUMBER_OBJECT_CONVERSION = YES_AGGRESSIVE;
				CLANG_CXX_LANGUAGE_STANDARD = "gnu++14";
				CLANG_CXX_LIBRARY = "libc++";
				CLANG_ENABLE_MODULES = YES;
				CLANG_ENABLE_OBJC_ARC = YES;
				CLANG_WARN_BLOCK_CAPTURE_AUTORELEASING = YES;
				CLANG_WARN_BOOL_CONVERSION = YES;
				CLANG_WARN_COMMA = YES;
				CLANG_WARN_CONSTANT_CONVERSION = YES;
				CLANG_WARN_DIRECT_OBJC_ISA_USAGE = YES_ERROR;
				CLANG_WARN_DOCUMENTATION_COMMENTS = YES;
				CLANG_WARN_EMPTY_BODY = YES;
				CLANG_WARN_ENUM_CONVERSION = YES;
				CLANG_WARN_INFINITE_RECURSION = YES;
				CLANG_WARN_INT_CONVERSION = YES;
				CLANG_WARN_NON_LITERAL_NULL_CONVERSION = YES;
				CLANG_WARN_OBJC_LITERAL_CONVERSION = YES;
				CLANG_WARN_OBJC_ROOT_CLASS = YES_ERROR;
				CLANG_WARN_RANGE_LOOP_ANALYSIS = YES;
				CLANG_WARN_STRICT_PROTOTYPES = YES;
				CLANG_WARN_SUSPICIOUS_MOVE = YES;
				CLANG_WARN_UNGUARDED_AVAILABILITY = YES_AGGRESSIVE;
				CLANG_WARN_UNREACHABLE_CODE = YES;
				CLANG_WARN__DUPLICATE_METHOD_MATCH = YES;
				CODE_SIGN_IDENTITY = "iPhone Developer";
				COPY_PHASE_STRIP = NO;
				DEBUG_INFORMATION_FORMAT = dwarf;
				ENABLE_STRICT_OBJC_MSGSEND = YES;
				ENABLE_TESTABILITY = YES;
				GCC_C_LANGUAGE_STANDARD = gnu11;
				GCC_DYNAMIC_NO_PIC = NO;
				GCC_NO_COMMON_BLOCKS = YES;
				GCC_OPTIMIZATION_LEVEL = 0;
				GCC_PREPROCESSOR_DEFINITIONS = (
					"DEBUG=1",
					"$(inherited)",
				);
				GCC_WARN_64_TO_32_BIT_CONVERSION = YES;
				GCC_WARN_ABOUT_RETURN_TYPE = YES_ERROR;
				GCC_WARN_UNDECLARED_SELECTOR = YES;
				GCC_WARN_UNINITIALIZED_AUTOS = YES_AGGRESSIVE;
				GCC_WARN_UNUSED_FUNCTION = YES;
				GCC_WARN_UNUSED_VARIABLE = YES;
				IPHONEOS_DEPLOYMENT_TARGET = 11.0;
				MTL_ENABLE_DEBUG_INFO = YES;
				ONLY_ACTIVE_ARCH = YES;
				SDKROOT = iphoneos;
				SWIFT_ACTIVE_COMPILATION_CONDITIONS = DEBUG;
				SWIFT_OPTIMIZATION_LEVEL = "-Onone";
			};
			name = Debug;
		};
		654407F21F86873F00108C79 /* Release */ = {
			isa = XCBuildConfiguration;
			buildSettings = {
				ALWAYS_SEARCH_USER_PATHS = NO;
				CLANG_ANALYZER_NONNULL = YES;
				CLANG_ANALYZER_NUMBER_OBJECT_CONVERSION = YES_AGGRESSIVE;
				CLANG_CXX_LANGUAGE_STANDARD = "gnu++14";
				CLANG_CXX_LIBRARY = "libc++";
				CLANG_ENABLE_MODULES = YES;
				CLANG_ENABLE_OBJC_ARC = YES;
				CLANG_WARN_BLOCK_CAPTURE_AUTORELEASING = YES;
				CLANG_WARN_BOOL_CONVERSION = YES;
				CLANG_WARN_COMMA = YES;
				CLANG_WARN_CONSTANT_CONVERSION = YES;
				CLANG_WARN_DIRECT_OBJC_ISA_USAGE = YES_ERROR;
				CLANG_WARN_DOCUMENTATION_COMMENTS = YES;
				CLANG_WARN_EMPTY_BODY = YES;
				CLANG_WARN_ENUM_CONVERSION = YES;
				CLANG_WARN_INFINITE_RECURSION = YES;
				CLANG_WARN_INT_CONVERSION = YES;
				CLANG_WARN_NON_LITERAL_NULL_CONVERSION = YES;
				CLANG_WARN_OBJC_LITERAL_CONVERSION = YES;
				CLANG_WARN_OBJC_ROOT_CLASS = YES_ERROR;
				CLANG_WARN_RANGE_LOOP_ANALYSIS = YES;
				CLANG_WARN_STRICT_PROTOTYPES = YES;
				CLANG_WARN_SUSPICIOUS_MOVE = YES;
				CLANG_WARN_UNGUARDED_AVAILABILITY = YES_AGGRESSIVE;
				CLANG_WARN_UNREACHABLE_CODE = YES;
				CLANG_WARN__DUPLICATE_METHOD_MATCH = YES;
				CODE_SIGN_IDENTITY = "iPhone Developer";
				COPY_PHASE_STRIP = NO;
				DEBUG_INFORMATION_FORMAT = "dwarf-with-dsym";
				ENABLE_NS_ASSERTIONS = NO;
				ENABLE_STRICT_OBJC_MSGSEND = YES;
				GCC_C_LANGUAGE_STANDARD = gnu11;
				GCC_NO_COMMON_BLOCKS = YES;
				GCC_WARN_64_TO_32_BIT_CONVERSION = YES;
				GCC_WARN_ABOUT_RETURN_TYPE = YES_ERROR;
				GCC_WARN_UNDECLARED_SELECTOR = YES;
				GCC_WARN_UNINITIALIZED_AUTOS = YES_AGGRESSIVE;
				GCC_WARN_UNUSED_FUNCTION = YES;
				GCC_WARN_UNUSED_VARIABLE = YES;
				IPHONEOS_DEPLOYMENT_TARGET = 11.0;
				MTL_ENABLE_DEBUG_INFO = NO;
				SDKROOT = iphoneos;
				SWIFT_OPTIMIZATION_LEVEL = "-Owholemodule";
				VALIDATE_PRODUCT = YES;
			};
			name = Release;
		};
		654407F41F86873F00108C79 /* Debug */ = {
			isa = XCBuildConfiguration;
			buildSettings = {
				ASSETCATALOG_COMPILER_APPICON_NAME = AppIcon;
				CODE_SIGN_STYLE = Automatic;
				DEVELOPMENT_TEAM = DWXWLRAPJ7;
				FRAMEWORK_SEARCH_PATHS = (
					"$(inherited)",
					"$(LOCAL_LIBRARY_DIR)/Frameworks",
				);
				INFOPLIST_FILE = SpellingBee/Info.plist;
				IPHONEOS_DEPLOYMENT_TARGET = 11.0;
				LD_RUNPATH_SEARCH_PATHS = "$(inherited) @executable_path/Frameworks";
				PRODUCT_BUNDLE_IDENTIFIER = com.unitedlambdas.SpellingBee;
				PRODUCT_NAME = "$(TARGET_NAME)";
				SWIFT_VERSION = 4.0;
				TARGETED_DEVICE_FAMILY = 1;
			};
			name = Debug;
		};
		654407F51F86873F00108C79 /* Release */ = {
			isa = XCBuildConfiguration;
			buildSettings = {
				ASSETCATALOG_COMPILER_APPICON_NAME = AppIcon;
				CODE_SIGN_STYLE = Automatic;
				DEVELOPMENT_TEAM = DWXWLRAPJ7;
				FRAMEWORK_SEARCH_PATHS = (
					"$(inherited)",
					"$(LOCAL_LIBRARY_DIR)/Frameworks",
				);
				INFOPLIST_FILE = SpellingBee/Info.plist;
				IPHONEOS_DEPLOYMENT_TARGET = 11.0;
				LD_RUNPATH_SEARCH_PATHS = "$(inherited) @executable_path/Frameworks";
				PRODUCT_BUNDLE_IDENTIFIER = com.unitedlambdas.SpellingBee;
				PRODUCT_NAME = "$(TARGET_NAME)";
				SWIFT_VERSION = 4.0;
				TARGETED_DEVICE_FAMILY = 1;
			};
			name = Release;
		};
/* End XCBuildConfiguration section */

/* Begin XCConfigurationList section */
		654407DA1F86873F00108C79 /* Build configuration list for PBXProject "SpellingBee" */ = {
			isa = XCConfigurationList;
			buildConfigurations = (
				654407F11F86873F00108C79 /* Debug */,
				654407F21F86873F00108C79 /* Release */,
			);
			defaultConfigurationIsVisible = 0;
			defaultConfigurationName = Release;
		};
		654407F31F86873F00108C79 /* Build configuration list for PBXNativeTarget "SpellingBee" */ = {
			isa = XCConfigurationList;
			buildConfigurations = (
				654407F41F86873F00108C79 /* Debug */,
				654407F51F86873F00108C79 /* Release */,
			);
			defaultConfigurationIsVisible = 0;
			defaultConfigurationName = Release;
		};
/* End XCConfigurationList section */
	};
	rootObject = 654407D71F86873F00108C79 /* Project object */;
}
